
Microsoft Visual Studio Solution File, Format Version 12.00
# Visual Studio Version 17
VisualStudioVersion = 17.14.36109.1 d17.14
MinimumVisualStudioVersion = 10.0.40219.1
Project("{FAE04EC0-301F-11D3-BF4B-00C04F79EFBC}") = "HelloFlorian", "HelloFlorian\HelloFlorian.csproj", "{A7673332-5A01-4005-82B9-762B9046EE2D}"
EndProject
Global
	GlobalSection(SolutionConfigurationPlatforms) = preSolution
		Debug|Any CPU = Debug|Any CPU
		Release|Any CPU = Release|Any CPU
	EndGlobalSection
	GlobalSection(ProjectConfigurationPlatforms) = postSolution
		{A7673332-5A01-4005-82B9-762B9046EE2D}.Debug|Any CPU.ActiveCfg = Debug|Any CPU
		{A7673332-5A01-4005-82B9-762B9046EE2D}.Debug|Any CPU.Build.0 = Debug|Any CPU
		{A7673332-5A01-4005-82B9-762B9046EE2D}.Release|Any CPU.ActiveCfg = Release|Any CPU
		{A7673332-5A01-4005-82B9-762B9046EE2D}.Release|Any CPU.Build.0 = Release|Any CPU
	EndGlobalSection
	GlobalSection(SolutionProperties) = preSolution
		HideSolutionNode = FALSE
	EndGlobalSection
	GlobalSection(ExtensibilityGlobals) = postSolution
		SolutionGuid = {084C3E79-14A8-4652-A301-6AB3FAE03DD1}
	EndGlobalSection
EndGlobal
